{
  "name": "gunforge-server",
  "version": "0.1.0",
  "lockfileVersion": 3,
  "requires": true,
  "packages": {
    "": {
      "name": "gunforge-server",
      "version": "0.1.0",
      "dependencies": {
        "@colyseus/core": "0.15.57",
        "@colyseus/schema": "2.0.37",
        "@colyseus/ws-transport": "0.15.3",
        "@supabase/supabase-js": "^2.45.0"
      }
    },
    "node_modules/@colyseus/core": {
      "version": "0.15.57",
      "resolved": "https://registry.npmjs.org/@colyseus/core/-/core-0.15.57.tgz",
      "integrity": "sha512-tAKNaFSFOpRH2ayLva9hQBVPQu0eKxDxaZJYugZMQ5i6yQ2RTvcbk/5Up7OZn/bfdk9THvBYnh6WfdZAOctK+g==",
      "license": "MIT",
      "dependencies": {
        "@colyseus/greeting-banner": "^2.0.0",
        "@gamestdio/timer": "^1.3.0",
        "debug": "^4.3.4",
        "msgpackr": "^1.9.1",
        "nanoid": "^2.0.0",
        "ws": "^7.4.5"
      },
      "engines": {
        "node": ">= 14.x"
      },
      "funding": {
        "url": "https://github.com/sponsors/endel"
      },
      "peerDependencies": {
        "@colyseus/schema": "^2.0.4"
      }
    },
    "node_modules/@colyseus/greeting-banner": {
      "version": "2.0.6",
      "resolved": "https://registry.npmjs.org/@colyseus/greeting-banner/-/greeting-banner-2.0.6.tgz",
      "integrity": "sha512-65nK7KnJn6g3ArtJqNfVX+Mx7xTlBka04kSwloLP7s24UpCEaK7bMGRLgkzfnysARzlVh1eV4jynBWZN82dYwQ==",
      "license": "MIT"
    },
    "node_modules/@colyseus/schema": {
      "version": "2.0.37",
      "resolved": "https://registry.npmjs.org/@colyseus/schema/-/schema-2.0.37.tgz",
      "integrity": "sha512-+WXEux9DMSaTz9hZKabl6LBuzsxzt9EvOwhXJ/G4rPCaaVkJ+iLxRsq8VbL2ZCx18E/uQH6nLaNIQVqH9wEt8w==",
      "license": "MIT",
      "bin": {
        "schema-codegen": "bin/schema-codegen"
      }
    },
    "node_modules/@colyseus/ws-transport": {
      "version": "0.15.3",
      "resolved": "https://registry.npmjs.org/@colyseus/ws-transport/-/ws-transport-0.15.3.tgz",
      "integrity": "sha512-wm1AT1d6esUnZt1sUvrPcq9hkDBhZKZiB+fHCZEaPw3QDtG9slbOaZZ9Evr2DlxUUAaHU0H2qV3kchBYyL68UQ==",
      "license": "MIT",
      "dependencies": {
        "@types/ws": "^7.4.4",
        "ws": "^8.18.0"
      },
      "peerDependencies": {
        "@colyseus/core": "0.15.x",
        "@colyseus/schema": ">=1.0.0"
      }
    },
    "node_modules/@colyseus/ws-transport/node_modules/ws": {
      "version": "8.21.0",
      "resolved": "https://registry.npmjs.org/ws/-/ws-8.21.0.tgz",
      "integrity": "sha512-Vsp28b7DRcimFQvrqu2Wek3z1iYxDCWqHYB8Qsnk/S4RfaCQzPGPyBNuVjJV3cd6UiKtUtp6sNM77gWvzcCH+g==",
      "license": "MIT",
      "engines": {
        "node": ">=10.0.0"
      },
      "peerDependencies": {
        "bufferutil": "^4.0.1",
        "utf-8-validate": ">=5.0.2"
      },
      "peerDependenciesMeta": {
        "bufferutil": {
          "optional": true
        },
        "utf-8-validate": {
          "optional": true
        }
      }
    },
    "node_modules/@gamestdio/clock": {
      "version": "1.1.9",
      "resolved": "https://registry.npmjs.org/@gamestdio/clock/-/clock-1.1.9.tgz",
      "integrity": "sha512-O+PG3aRRytgX2BhAPMIhbM2ftq1Q8G4xUrYjEWYM6EmpoKn8oY4lXENGhpgfww6mQxHPbjfWyIAR6Xj3y1+avw==",
      "license": "MIT"
    },
    "node_modules/@gamestdio/timer": {
      "version": "1.4.2",
      "resolved": "https://registry.npmjs.org/@gamestdio/timer/-/timer-1.4.2.tgz",
      "integrity": "sha512-WNciVCKSJzY56CM95TCVf+dtWShWNFUdziY1Qc+2gaqNCRbC3Egqzq9zumGRrV92Ym9GL6znkqTzF2AoAdydNw==",
      "license": "MIT",
      "dependencies": {
        "@gamestdio/clock": "^1.1.9"
      }
    },
    "node_modules/@msgpackr-extract/msgpackr-extract-darwin-arm64": {
      "version": "3.0.4",
      "resolved": "https://registry.npmjs.org/@msgpackr-extract/msgpackr-extract-darwin-arm64/-/msgpackr-extract-darwin-arm64-3.0.4.tgz",
      "integrity": "sha512-LCkGo6JDfaBhgST7UpPWgNgLINpcpabaHfyz5OBx75nUYxBsaEPxjnyNjWpeb/xBup/682QnBfRBy2/LvPutZQ==",
      "cpu": [
        "arm64"
      ],
      "license": "MIT",
      "optional": true,
      "os": [
        "darwin"
      ]
    },
    "node_modules/@msgpackr-extract/msgpackr-extract-darwin-x64": {
      "version": "3.0.4",
      "resolved": "https://registry.npmjs.org/@msgpackr-extract/msgpackr-extract-darwin-x64/-/msgpackr-extract-darwin-x64-3.0.4.tgz",
      "integrity": "sha512-zExlW9zUJKZH/tOtVMttwjKa4Xm/3KcNjnE3dPN92uCktwavMxpgCA3MoJK/DOnTWsQgo224OaST27/mPNAf+w==",
      "cpu": [
        "x64"
      ],
      "license": "MIT",
      "optional": true,
      "os": [
        "darwin"
      ]
    },
    "node_modules/@msgpackr-extract/msgpackr-extract-linux-arm": {
      "version": "3.0.4",
      "resolved": "https://registry.npmjs.org/@msgpackr-extract/msgpackr-extract-linux-arm/-/msgpackr-extract-linux-arm-3.0.4.tgz",
      "integrity": "sha512-Tg3yX65f5GbtXLkrYEHE5oibZG9epyYWas7FogTTEJeDEF9JlXJzKgXaNhT3UXlTOeA+AfZpYZYZ0uPj7Cfquw==",
      "cpu": [
        "arm"
      ],
      "license": "MIT",
      "optional": true,
      "os": [
        "linux"
      ]
    },
    "node_modules/@msgpackr-extract/msgpackr-extract-linux-arm64": {
      "version": "3.0.4",
      "resolved": "https://registry.npmjs.org/@msgpackr-extract/msgpackr-extract-linux-arm64/-/msgpackr-extract-linux-arm64-3.0.4.tgz",
      "integrity": "sha512-dgX0P/9wGPJeHFBG+ZmhgE6bmtMt7NP5CRBGyyktpopdk/mW4POnrpQsSLtKI1dwpc+pPLuXHDh6vvskyQE/sw==",
      "cpu": [
        "arm64"
      ],
      "license": "MIT",
      "optional": true,
      "os": [
        "linux"
      ]
    },
    "node_modules/@msgpackr-extract/msgpackr-extract-linux-x64": {
      "version": "3.0.4",
      "resolved": "https://registry.npmjs.org/@msgpackr-extract/msgpackr-extract-linux-x64/-/msgpackr-extract-linux-x64-3.0.4.tgz",
      "integrity": "sha512-8TNXMEjJc3QEy7R/x1INhgiU+XakDAFUzBhaz7+Rbrs8NH5UQeHQxxmzsSBJGyV6I1jW79undiQm8tOI+D+8FQ==",
      "cpu": [
        "x64"
      ],
      "license": "MIT",
      "optional": true,
      "os": [
        "linux"
      ]
    },
    "node_modules/@msgpackr-extract/msgpackr-extract-win32-x64": {
      "version": "3.0.4",
      "resolved": "https://registry.npmjs.org/@msgpackr-extract/msgpackr-extract-win32-x64/-/msgpackr-extract-win32-x64-3.0.4.tgz",
      "integrity": "sha512-CmCXPQrkbwExx3j946/PtHWHbYJiCRBRDl4BlkRQcJB/YOwQxJRTpoo7aTsortjgoJ1x7opzTSxn7C+ASSLVjQ==",
      "cpu": [
        "x64"
      ],
      "license": "MIT",
      "optional": true,
      "os": [
        "win32"
      ]
    },
    "node_modules/@supabase/auth-js": {
      "version": "2.110.3",
      "resolved": "https://registry.npmjs.org/@supabase/auth-js/-/auth-js-2.110.3.tgz",
      "integrity": "sha512-aUPKlhOtJtH04sVcppDKeOlgIw28aQ4NqtnhwlkmbIbqNACpH5By+PNJyhiHkY17tBWGID70GIaQ96Fi8M/h8A==",
      "license": "MIT",
      "dependencies": {
        "tslib": "2.8.1"
      },
      "engines": {
        "node": ">=22.0.0"
      }
    },
    "node_modules/@supabase/functions-js": {
      "version": "2.110.3",
      "resolved": "https://registry.npmjs.org/@supabase/functions-js/-/functions-js-2.110.3.tgz",
      "integrity": "sha512-jT4kLSRuKVYGt/xY1z1N1HSuq5DeCZHIHkDsChaqcBRUDcDIG2VhPHeD0FbP+AwMy+KpGw7KfZ6jICdWlN+mmQ==",
      "license": "MIT",
      "dependencies": {
        "tslib": "2.8.1"
      },
      "engines": {
        "node": ">=22.0.0"
      }
    },
    "node_modules/@supabase/phoenix": {
      "version": "0.4.4",
      "resolved": "https://registry.npmjs.org/@supabase/phoenix/-/phoenix-0.4.4.tgz",
      "integrity": "sha512-Gt0pqoXuIqX/8dvG0OKp/wMCobXNH3klNbUPBNyOfN0YA1IswrM3HyWFMOPk1Jy+BRaIyDPcFx4jLBwHNmlyfQ==",
      "license": "MIT"
    },
    "node_modules/@supabase/postgrest-js": {
      "version": "2.110.3",
      "resolved": "https://registry.npmjs.org/@supabase/postgrest-js/-/postgrest-js-2.110.3.tgz",
      "integrity": "sha512-YLxqxmz8Ug350yRh18ULsxj26xFu8LEx2YQ32RzwO2SLAZWCKwyxTiEXDl4ZjmDz7Fp23kjPCNzTfjHTcT5DWw==",
      "license": "MIT",
      "dependencies": {
        "tslib": "2.8.1"
      },
      "engines": {
        "node": ">=22.0.0"
      }
    },
    "node_modules/@supabase/realtime-js": {
      "version": "2.110.3",
      "resolved": "https://registry.npmjs.org/@supabase/realtime-js/-/realtime-js-2.110.3.tgz",
      "integrity": "sha512-CVVoUWLqdQz4Uh/gg6mS9hmrnG2T/TIjgD8cCcn2W/MIFvypW5jXtUz8shEZToyHLpCWedKyeawVDgJF7JswVA==",
      "license": "MIT",
      "dependencies": {
        "@supabase/phoenix": "0.4.4",
        "tslib": "2.8.1"
      },
      "engines": {
        "node": ">=22.0.0"
      }
    },
    "node_modules/@supabase/storage-js": {
      "version": "2.110.3",
      "resolved": "https://registry.npmjs.org/@supabase/storage-js/-/storage-js-2.110.3.tgz",
      "integrity": "sha512-cslrXLgHGupTh6HTripRMxw70IDy0JD2hTiJg6oqP3hlQPBumLy8RoALycdBgocvq8ZhakYOZZWJZb1YPiEMtg==",
      "license": "MIT",
      "dependencies": {
        "iceberg-js": "^0.8.1",
        "tslib": "2.8.1"
      },
      "engines": {
        "node": ">=22.0.0"
      }
    },
    "node_modules/@supabase/supabase-js": {
      "version": "2.110.3",
      "resolved": "https://registry.npmjs.org/@supabase/supabase-js/-/supabase-js-2.110.3.tgz",
      "integrity": "sha512-Xg2dZas32iN0nvYjOEWjCP2oTSvQSnFqM6WJXhGI7Ue8HQ5IRuTmMZjThYxvqtAq1aUKBuiCxS9w0a8hJx4+lQ==",
      "license": "MIT",
      "dependencies": {
        "@supabase/auth-js": "2.110.3",
        "@supabase/functions-js": "2.110.3",
        "@supabase/postgrest-js": "2.110.3",
        "@supabase/realtime-js": "2.110.3",
        "@supabase/storage-js": "2.110.3"
      },
      "engines": {
        "node": ">=22.0.0"
      }
    },
    "node_modules/@types/node": {
      "version": "26.1.1",
      "resolved": "https://registry.npmjs.org/@types/node/-/node-26.1.1.tgz",
      "integrity": "sha512-nxAkRSVkN1Y0JC1W8ky/fTfkGsMmcrRsbx+3XoZE+rMOX71kLYTV7fLXpqud1GpbpP5TuffXFqfX7fH2GgZREw==",
      "license": "MIT",
      "dependencies": {
        "undici-types": "~8.3.0"
      }
    },
    "node_modules/@types/ws": {
      "version": "7.4.7",
      "resolved": "https://registry.npmjs.org/@types/ws/-/ws-7.4.7.tgz",
      "integrity": "sha512-JQbbmxZTZehdc2iszGKs5oC3NFnjeay7mtAWrdt7qNtAVK0g19muApzAy4bm9byz79xa2ZnO/BOBC2R8RC5Lww==",
      "license": "MIT",
      "dependencies": {
        "@types/node": "*"
      }
    },
    "node_modules/debug": {
      "version": "4.4.3",
      "resolved": "https://registry.npmjs.org/debug/-/debug-4.4.3.tgz",
      "integrity": "sha512-RGwwWnwQvkVfavKVt22FGLw+xYSdzARwm0ru6DhTVA3umU5hZc28V3kO4stgYryrTlLpuvgI9GiijltAjNbcqA==",
      "license": "MIT",
      "dependencies": {
        "ms": "^2.1.3"
      },
      "engines": {
        "node": ">=6.0"
      },
      "peerDependenciesMeta": {
        "supports-color": {
          "optional": true
        }
      }
    },
    "node_modules/detect-libc": {
      "version": "2.1.2",
      "resolved": "https://registry.npmjs.org/detect-libc/-/detect-libc-2.1.2.tgz",
      "integrity": "sha512-Btj2BOOO83o3WyH59e8MgXsxEQVcarkUOpEYrubB0urwnN10yQ364rsiByU11nZlqWYZm05i/of7io4mzihBtQ==",
      "license": "Apache-2.0",
      "optional": true,
      "engines": {
        "node": ">=8"
      }
    },
    "node_modules/iceberg-js": {
      "version": "0.8.1",
      "resolved": "https://registry.npmjs.org/iceberg-js/-/iceberg-js-0.8.1.tgz",
      "integrity": "sha512-1dhVQZXhcHje7798IVM+xoo/1ZdVfzOMIc8/rgVSijRK38EDqOJoGula9N/8ZI5RD8QTxNQtK/Gozpr+qUqRRA==",
      "license": "MIT",
      "engines": {
        "node": ">=20.0.0"
      }
    },
    "node_modules/ms": {
      "version": "2.1.3",
      "resolved": "https://registry.npmjs.org/ms/-/ms-2.1.3.tgz",
      "integrity": "sha512-6FlzubTLZG3J2a/NVCAleEhjzq5oxgHyaCU9yYXvcLsvoVaHJq/s5xXI6/XXP6tz7R9xAOtHnSO/tXtF3WRTlA==",
      "license": "MIT"
    },
    "node_modules/msgpackr": {
      "version": "1.12.1",
      "resolved": "https://registry.npmjs.org/msgpackr/-/msgpackr-1.12.1.tgz",
      "integrity": "sha512-4EUH9tQHnMmEgzW/MdAP0KIfa1T9AF+htl0ffe2n5vb2EKn9y2co8ccpgWko6S52Jy1PQZKwRnx5/KkYjtd9MQ==",
      "license": "MIT",
      "optionalDependencies": {
        "msgpackr-extract": "^3.0.2"
      }
    },
    "node_modules/msgpackr-extract": {
      "version": "3.0.4",
      "resolved": "https://registry.npmjs.org/msgpackr-extract/-/msgpackr-extract-3.0.4.tgz",
      "integrity": "sha512-4kmO/MdyUIkLIvTPr8VHLil4AtoKIoniWPIEk5+CDy0xnWC84azhSFmuJ7PxZdsYtiP5kEeQsORAVIeMgxT+Hw==",
      "hasInstallScript": true,
      "license": "MIT",
      "optional": true,
      "dependencies": {
        "node-gyp-build-optional-packages": "5.2.2"
      },
      "bin": {
        "download-msgpackr-prebuilds": "bin/download-prebuilds.js"
      },
      "optionalDependencies": {
        "@msgpackr-extract/msgpackr-extract-darwin-arm64": "3.0.4",
        "@msgpackr-extract/msgpackr-extract-darwin-x64": "3.0.4",
        "@msgpackr-extract/msgpackr-extract-linux-arm": "3.0.4",
        "@msgpackr-extract/msgpackr-extract-linux-arm64": "3.0.4",
        "@msgpackr-extract/msgpackr-extract-linux-x64": "3.0.4",
        "@msgpackr-extract/msgpackr-extract-win32-x64": "3.0.4"
      }
    },
    "node_modules/nanoid": {
      "version": "2.1.11",
      "resolved": "https://registry.npmjs.org/nanoid/-/nanoid-2.1.11.tgz",
      "integrity": "sha512-s/snB+WGm6uwi0WjsZdaVcuf3KJXlfGl2LcxgwkEwJF0D/BWzVWAZW/XY4bFaiR7s0Jk3FPvlnepg1H1b1UwlA==",
      "license": "MIT"
    },
    "node_modules/node-gyp-build-optional-packages": {
      "version": "5.2.2",
      "resolved": "https://registry.npmjs.org/node-gyp-build-optional-packages/-/node-gyp-build-optional-packages-5.2.2.tgz",
      "integrity": "sha512-s+w+rBWnpTMwSFbaE0UXsRlg7hU4FjekKU4eyAih5T8nJuNZT1nNsskXpxmeqSK9UzkBl6UgRlnKc8hz8IEqOw==",
      "license": "MIT",
      "optional": true,
      "dependencies": {
        "detect-libc": "^2.0.1"
      },
      "bin": {
        "node-gyp-build-optional-packages": "bin.js",
        "node-gyp-build-optional-packages-optional": "optional.js",
        "node-gyp-build-optional-packages-test": "build-test.js"
      }
    },
    "node_modules/tslib": {
      "version": "2.8.1",
      "resolved": "https://registry.npmjs.org/tslib/-/tslib-2.8.1.tgz",
      "integrity": "sha512-oJFu94HQb+KVduSUQL7wnpmqnfmLsOA/nAh6b6EH0wCEoK0/mPeXU6c3wKDV83MkOuHPRHtSXKKU99IBazS/2w==",
      "license": "0BSD"
    },
    "node_modules/undici-types": {
      "version": "8.3.0",
      "resolved": "https://registry.npmjs.org/undici-types/-/undici-types-8.3.0.tgz",
      "integrity": "sha512-j375ScV60dom+YkPFIfTLcOiPxkN/buHz5GobjLhixFuANaNs3C9l4GmrWqejgXWJ7BbJcFYpTEUkS1Ge8bpZQ==",
      "license": "MIT"
    },
    "node_modules/ws": {
      "version": "7.5.11",
      "resolved": "https://registry.npmjs.org/ws/-/ws-7.5.11.tgz",
      "integrity": "sha512-zS54Oen9bITtp7kp2XM3AydrCIq1D+HwJOuH+c+e4LfpL/lotP5osijd+UoMnxwAam1GN8R4KtLAyIrIcBNpiA==",
      "license": "MIT",
      "engines": {
        "node": ">=8.3.0"
      },
      "peerDependencies": {
        "bufferutil": "^4.0.1",
        "utf-8-validate": "^5.0.2"
      },
      "peerDependenciesMeta": {
        "bufferutil": {
          "optional": true
        },
        "utf-8-validate": {
          "optional": true
        }
      }
    }
  }
}
